
Microsoft Visual Studio Solution File, Format Version 12.00
# Visual Studio 2015
Project("{FAE04EC0-301F-11D3-BF4B-00C04F79EFBC}") = "Project D", "Project D.csproj", "{C72ED041-D710-0CF0-6E0C-E8669D048594}"
EndProject
Global
	GlobalSection(SolutionConfigurationPlatforms) = preSolution
		Debug|Any CPU = Debug|Any CPU
		Release|Any CPU = Release|Any CPU
	EndGlobalSection
	GlobalSection(ProjectConfigurationPlatforms) = postSolution
		{C72ED041-D710-0CF0-6E0C-E8669D048594}.Debug|Any CPU.ActiveCfg = Debug|Any CPU
		{C72ED041-D710-0CF0-6E0C-E8669D048594}.Debug|Any CPU.Build.0 = Debug|Any CPU
		{C72ED041-D710-0CF0-6E0C-E8669D048594}.Release|Any CPU.ActiveCfg = Release|Any CPU
		{C72ED041-D710-0CF0-6E0C-E8669D048594}.Release|Any CPU.Build.0 = Release|Any CPU
	EndGlobalSection
	GlobalSection(SolutionProperties) = preSolution
		HideSolutionNode = FALSE
	EndGlobalSection
EndGlobal
